
Microsoft Visual Studio Solution File, Format Version 12.00
# Visual Studio Version 17
VisualStudioVersion = 17.1.32228.430
MinimumVisualStudioVersion = 10.0.40219.1
Project("{FAE04EC0-301F-11D3-BF4B-00C04F79EFBC}") = "ObjectOrientedProgramming", "ObjectOrientedProgramming\ObjectOrientedProgramming.csproj", "{0D438F84-E84E-4BF9-B144-C7F558A45804}"
EndProject
Global
	GlobalSection(SolutionConfigurationPlatforms) = preSolution
		Debug|Any CPU = Debug|Any CPU
		Release|Any CPU = Release|Any CPU
	EndGlobalSection
	GlobalSection(ProjectConfigurationPlatforms) = postSolution
		{0D438F84-E84E-4BF9-B144-C7F558A45804}.Debug|Any CPU.ActiveCfg = Debug|Any CPU
		{0D438F84-E84E-4BF9-B144-C7F558A45804}.Debug|Any CPU.Build.0 = Debug|Any CPU
		{0D438F84-E84E-4BF9-B144-C7F558A45804}.Release|Any CPU.ActiveCfg = Release|Any CPU
		{0D438F84-E84E-4BF9-B144-C7F558A45804}.Release|Any CPU.Build.0 = Release|Any CPU
	EndGlobalSection
	GlobalSection(SolutionProperties) = preSolution
		HideSolutionNode = FALSE
	EndGlobalSection
	GlobalSection(ExtensibilityGlobals) = postSolution
		SolutionGuid = {D834EFDE-C422-4D8D-BA56-A78A8E79B708}
	EndGlobalSection
EndGlobal
